
Microsoft Visual Studio Solution File, Format Version 12.00
# Visual Studio Version 16
VisualStudioVersion = 16.0.29123.88
MinimumVisualStudioVersion = 10.0.40219.1
Project("{FAE04EC0-301F-11D3-BF4B-00C04F79EFBC}") = "RBScoreKeeperMobile.UWP", "RBScoreKeeperMobile\RBScoreKeeperMobile.UWP\RBScoreKeeperMobile.UWP.csproj", "{D8B097C8-3C1D-41F6-82EA-59A928217FF2}"
EndProject
Project("{FAE04EC0-301F-11D3-BF4B-00C04F79EFBC}") = "RBScoreKeeperMobile.Android", "RBScoreKeeperMobile\RBScoreKeeperMobile.Android\RBScoreKeeperMobile.Android.csproj", "{A6611892-401F-4209-A92A-1436916CE1E1}"
EndProject
Project("{FAE04EC0-301F-11D3-BF4B-00C04F79EFBC}") = "RBScoreKeeperMobile.iOS", "RBScoreKeeperMobile\RBScoreKeeperMobile.iOS\RBScoreKeeperMobile.iOS.csproj", "{76BFFDEF-B45C-4F41-B0C7-5D832E8833BA}"
EndProject
Project("{FAE04EC0-301F-11D3-BF4B-00C04F79EFBC}") = "RBScoreKeeperMobile", "RBScoreKeeperMobile\RBScoreKeeperMobile\RBScoreKeeperMobile.csproj", "{AD950F14-620A-4452-8F84-D716672F3AF9}"
EndProject
Global
	GlobalSection(SolutionConfigurationPlatforms) = preSolution
		Debug|Any CPU = Debug|Any CPU
		Debug|ARM = Debug|ARM
		Debug|iPhone = Debug|iPhone
		Debug|iPhoneSimulator = Debug|iPhoneSimulator
		Debug|x64 = Debug|x64
		Debug|x86 = Debug|x86
		Release|Any CPU = Release|Any CPU
		Release|ARM = Release|ARM
		Release|iPhone = Release|iPhone
		Release|iPhoneSimulator = Release|iPhoneSimulator
		Release|x64 = Release|x64
		Release|x86 = Release|x86
	EndGlobalSection
	GlobalSection(ProjectConfigurationPlatforms) = postSolution
		{D8B097C8-3C1D-41F6-82EA-59A928217FF2}.Debug|Any CPU.ActiveCfg = Debug|x86
		{D8B097C8-3C1D-41F6-82EA-59A928217FF2}.Debug|Any CPU.Build.0 = Debug|x86
		{D8B097C8-3C1D-41F6-82EA-59A928217FF2}.Debug|Any CPU.Deploy.0 = Debug|x86
		{D8B097C8-3C1D-41F6-82EA-59A928217FF2}.Debug|ARM.ActiveCfg = Debug|ARM
		{D8B097C8-3C1D-41F6-82EA-59A928217FF2}.Debug|ARM.Build.0 = Debug|ARM
		{D8B097C8-3C1D-41F6-82EA-59A928217FF2}.Debug|ARM.Deploy.0 = Debug|ARM
		{D8B097C8-3C1D-41F6-82EA-59A928217FF2}.Debug|iPhone.ActiveCfg = Debug|x86
		{D8B097C8-3C1D-41F6-82EA-59A928217FF2}.Debug|iPhone.Build.0 = Debug|x86
		{D8B097C8-3C1D-41F6-82EA-59A928217FF2}.Debug|iPhone.Deploy.0 = Debug|x86
		{D8B097C8-3C1D-41F6-82EA-59A928217FF2}.Debug|iPhoneSimulator.ActiveCfg = Debug|x86
		{D8B097C8-3C1D-41F6-82EA-59A928217FF2}.Debug|iPhoneSimulator.Build.0 = Debug|x86
		{D8B097C8-3C1D-41F6-82EA-59A928217FF2}.Debug|iPhoneSimulator.Deploy.0 = Debug|x86
		{D8B097C8-3C1D-41F6-82EA-59A928217FF2}.Debug|x64.ActiveCfg = Debug|x64
		{D8B097C8-3C1D-41F6-82EA-59A928217FF2}.Debug|x64.Build.0 = Debug|x64
		{D8B097C8-3C1D-41F6-82EA-59A928217FF2}.Debug|x64.Deploy.0 = Debug|x64
		{D8B097C8-3C1D-41F6-82EA-59A928217FF2}.Debug|x86.ActiveCfg = Debug|x86
		{D8B097C8-3C1D-41F6-82EA-59A928217FF2}.Debug|x86.Build.0 = Debug|x86
		{D8B097C8-3C1D-41F6-82EA-59A928217FF2}.Debug|x86.Deploy.0 = Debug|x86
		{D8B097C8-3C1D-41F6-82EA-59A928217FF2}.Release|Any CPU.ActiveCfg = Release|x86
		{D8B097C8-3C1D-41F6-82EA-59A928217FF2}.Release|Any CPU.Build.0 = Release|x86
		{D8B097C8-3C1D-41F6-82EA-59A928217FF2}.Release|Any CPU.Deploy.0 = Release|x86
		{D8B097C8-3C1D-41F6-82EA-59A928217FF2}.Release|ARM.ActiveCfg = Release|ARM
		{D8B097C8-3C1D-41F6-82EA-59A928217FF2}.Release|ARM.Build.0 = Release|ARM
		{D8B097C8-3C1D-41F6-82EA-59A928217FF2}.Release|ARM.Deploy.0 = Release|ARM
		{D8B097C8-3C1D-41F6-82EA-59A928217FF2}.Release|iPhone.ActiveCfg = Release|x86
		{D8B097C8-3C1D-41F6-82EA-59A928217FF2}.Release|iPhone.Build.0 = Release|x86
		{D8B097C8-3C1D-41F6-82EA-59A928217FF2}.Release|iPhone.Deploy.0 = Release|x86
		{D8B097C8-3C1D-41F6-82EA-59A928217FF2}.Release|iPhoneSimulator.ActiveCfg = Release|x86
		{D8B097C8-3C1D-41F6-82EA-59A928217FF2}.Release|iPhoneSimulator.Build.0 = Release|x86
		{D8B097C8-3C1D-41F6-82EA-59A928217FF2}.Release|iPhoneSimulator.Deploy.0 = Release|x86
		{D8B097C8-3C1D-41F6-82EA-59A928217FF2}.Release|x64.ActiveCfg = Release|x64
		{D8B097C8-3C1D-41F6-82EA-59A928217FF2}.Release|x64.Build.0 = Release|x64
		{D8B097C8-3C1D-41F6-82EA-59A928217FF2}.Release|x64.Deploy.0 = Release|x64
		{D8B097C8-3C1D-41F6-82EA-59A928217FF2}.Release|x86.ActiveCfg = Release|x86
		{D8B097C8-3C1D-41F6-82EA-59A928217FF2}.Release|x86.Build.0 = Release|x86
		{D8B097C8-3C1D-41F6-82EA-59A928217FF2}.Release|x86.Deploy.0 = Release|x86
		{A6611892-401F-4209-A92A-1436916CE1E1}.Debug|Any CPU.ActiveCfg = Debug|Any CPU
		{A6611892-401F-4209-A92A-1436916CE1E1}.Debug|Any CPU.Build.0 = Debug|Any CPU
		{A6611892-401F-4209-A92A-1436916CE1E1}.Debug|Any CPU.Deploy.0 = Debug|Any CPU
		{A6611892-401F-4209-A92A-1436916CE1E1}.Debug|ARM.ActiveCfg = Debug|Any CPU
		{A6611892-401F-4209-A92A-1436916CE1E1}.Debug|ARM.Build.0 = Debug|Any CPU
		{A6611892-401F-4209-A92A-1436916CE1E1}.Debug|ARM.Deploy.0 = Debug|Any CPU
		{A6611892-401F-4209-A92A-1436916CE1E1}.Debug|iPhone.ActiveCfg = Debug|Any CPU
		{A6611892-401F-4209-A92A-1436916CE1E1}.Debug|iPhone.Build.0 = Debug|Any CPU
		{A6611892-401F-4209-A92A-1436916CE1E1}.Debug|iPhone.Deploy.0 = Debug|Any CPU
		{A6611892-401F-4209-A92A-1436916CE1E1}.Debug|iPhoneSimulator.ActiveCfg = Debug|Any CPU
		{A6611892-401F-4209-A92A-1436916CE1E1}.Debug|iPhoneSimulator.Build.0 = Debug|Any CPU
		{A6611892-401F-4209-A92A-1436916CE1E1}.Debug|iPhoneSimulator.Deploy.0 = Debug|Any CPU
		{A6611892-401F-4209-A92A-1436916CE1E1}.Debug|x64.ActiveCfg = Debug|Any CPU
		{A6611892-401F-4209-A92A-1436916CE1E1}.Debug|x64.Build.0 = Debug|Any CPU
		{A6611892-401F-4209-A92A-1436916CE1E1}.Debug|x64.Deploy.0 = Debug|Any CPU
		{A6611892-401F-4209-A92A-1436916CE1E1}.Debug|x86.ActiveCfg = Debug|Any CPU
		{A6611892-401F-4209-A92A-1436916CE1E1}.Debug|x86.Build.0 = Debug|Any CPU
		{A6611892-401F-4209-A92A-1436916CE1E1}.Debug|x86.Deploy.0 = Debug|Any CPU
		{A6611892-401F-4209-A92A-1436916CE1E1}.Release|Any CPU.ActiveCfg = Release|Any CPU
		{A6611892-401F-4209-A92A-1436916CE1E1}.Release|Any CPU.Build.0 = Release|Any CPU
		{A6611892-401F-4209-A92A-1436916CE1E1}.Release|Any CPU.Deploy.0 = Release|Any CPU
		{A6611892-401F-4209-A92A-1436916CE1E1}.Release|ARM.ActiveCfg = Release|Any CPU
		{A6611892-401F-4209-A92A-1436916CE1E1}.Release|ARM.Build.0 = Release|Any CPU
		{A6611892-401F-4209-A92A-1436916CE1E1}.Release|ARM.Deploy.0 = Release|Any CPU
		{A6611892-401F-4209-A92A-1436916CE1E1}.Release|iPhone.ActiveCfg = Release|Any CPU
		{A6611892-401F-4209-A92A-1436916CE1E1}.Release|iPhone.Build.0 = Release|Any CPU
		{A6611892-401F-4209-A92A-1436916CE1E1}.Release|iPhone.Deploy.0 = Release|Any CPU
		{A6611892-401F-4209-A92A-1436916CE1E1}.Release|iPhoneSimulator.ActiveCfg = Release|Any CPU
		{A6611892-401F-4209-A92A-1436916CE1E1}.Release|iPhoneSimulator.Build.0 = Release|Any CPU
		{A6611892-401F-4209-A92A-1436916CE1E1}.Release|iPhoneSimulator.Deploy.0 = Release|Any CPU
		{A6611892-401F-4209-A92A-1436916CE1E1}.Release|x64.ActiveCfg = Release|Any CPU
		{A6611892-401F-4209-A92A-1436916CE1E1}.Release|x64.Build.0 = Release|Any CPU
		{A6611892-401F-4209-A92A-1436916CE1E1}.Release|x64.Deploy.0 = Release|Any CPU
		{A6611892-401F-4209-A92A-1436916CE1E1}.Release|x86.ActiveCfg = Release|Any CPU
		{A6611892-401F-4209-A92A-1436916CE1E1}.Release|x86.Build.0 = Release|Any CPU
		{A6611892-401F-4209-A92A-1436916CE1E1}.Release|x86.Deploy.0 = Release|Any CPU
		{76BFFDEF-B45C-4F41-B0C7-5D832E8833BA}.Debug|Any CPU.ActiveCfg = Debug|iPhone
		{76BFFDEF-B45C-4F41-B0C7-5D832E8833BA}.Debug|Any CPU.Build.0 = Debug|iPhone
		{76BFFDEF-B45C-4F41-B0C7-5D832E8833BA}.Debug|Any CPU.Deploy.0 = Debug|iPhone
		{76BFFDEF-B45C-4F41-B0C7-5D832E8833BA}.Debug|ARM.ActiveCfg = Debug|iPhoneSimulator
		{76BFFDEF-B45C-4F41-B0C7-5D832E8833BA}.Debug|ARM.Build.0 = Debug|iPhoneSimulator
		{76BFFDEF-B45C-4F41-B0C7-5D832E8833BA}.Debug|ARM.Deploy.0 = Debug|iPhoneSimulator
		{76BFFDEF-B45C-4F41-B0C7-5D832E8833BA}.Debug|iPhone.ActiveCfg = Debug|iPhone
		{76BFFDEF-B45C-4F41-B0C7-5D832E8833BA}.Debug|iPhone.Build.0 = Debug|iPhone
		{76BFFDEF-B45C-4F41-B0C7-5D832E8833BA}.Debug|iPhone.Deploy.0 = Debug|iPhone
		{76BFFDEF-B45C-4F41-B0C7-5D832E8833BA}.Debug|iPhoneSimulator.ActiveCfg = Debug|iPhoneSimulator
		{76BFFDEF-B45C-4F41-B0C7-5D832E8833BA}.Debug|iPhoneSimulator.Build.0 = Debug|iPhoneSimulator
		{76BFFDEF-B45C-4F41-B0C7-5D832E8833BA}.Debug|iPhoneSimulator.Deploy.0 = Debug|iPhoneSimulator
		{76BFFDEF-B45C-4F41-B0C7-5D832E8833BA}.Debug|x64.ActiveCfg = Debug|iPhone
		{76BFFDEF-B45C-4F41-B0C7-5D832E8833BA}.Debug|x64.Build.0 = Debug|iPhone
		{76BFFDEF-B45C-4F41-B0C7-5D832E8833BA}.Debug|x64.Deploy.0 = Debug|iPhone
		{76BFFDEF-B45C-4F41-B0C7-5D832E8833BA}.Debug|x86.ActiveCfg = Debug|iPhone
		{76BFFDEF-B45C-4F41-B0C7-5D832E8833BA}.Debug|x86.Build.0 = Debug|iPhone
		{76BFFDEF-B45C-4F41-B0C7-5D832E8833BA}.Debug|x86.Deploy.0 = Debug|iPhone
		{76BFFDEF-B45C-4F41-B0C7-5D832E8833BA}.Release|Any CPU.ActiveCfg = Release|iPhone
		{76BFFDEF-B45C-4F41-B0C7-5D832E8833BA}.Release|Any CPU.Build.0 = Release|iPhone
		{76BFFDEF-B45C-4F41-B0C7-5D832E8833BA}.Release|Any CPU.Deploy.0 = Release|iPhone
		{76BFFDEF-B45C-4F41-B0C7-5D832E8833BA}.Release|ARM.ActiveCfg = Release|iPhone
		{76BFFDEF-B45C-4F41-B0C7-5D832E8833BA}.Release|ARM.Build.0 = Release|iPhone
		{76BFFDEF-B45C-4F41-B0C7-5D832E8833BA}.Release|ARM.Deploy.0 = Release|iPhone
		{76BFFDEF-B45C-4F41-B0C7-5D832E8833BA}.Release|iPhone.ActiveCfg = Release|iPhone
		{76BFFDEF-B45C-4F41-B0C7-5D832E8833BA}.Release|iPhone.Build.0 = Release|iPhone
		{76BFFDEF-B45C-4F41-B0C7-5D832E8833BA}.Release|iPhone.Deploy.0 = Release|iPhone
		{76BFFDEF-B45C-4F41-B0C7-5D832E8833BA}.Release|iPhoneSimulator.ActiveCfg = Release|iPhoneSimulator
		{76BFFDEF-B45C-4F41-B0C7-5D832E8833BA}.Release|iPhoneSimulator.Build.0 = Release|iPhoneSimulator
		{76BFFDEF-B45C-4F41-B0C7-5D832E8833BA}.Release|iPhoneSimulator.Deploy.0 = Release|iPhoneSimulator
		{76BFFDEF-B45C-4F41-B0C7-5D832E8833BA}.Release|x64.ActiveCfg = Release|iPhone
		{76BFFDEF-B45C-4F41-B0C7-5D832E8833BA}.Release|x64.Build.0 = Release|iPhone
		{76BFFDEF-B45C-4F41-B0C7-5D832E8833BA}.Release|x64.Deploy.0 = Release|iPhone
		{76BFFDEF-B45C-4F41-B0C7-5D832E8833BA}.Release|x86.ActiveCfg = Release|iPhone
		{76BFFDEF-B45C-4F41-B0C7-5D832E8833BA}.Release|x86.Build.0 = Release|iPhone
		{76BFFDEF-B45C-4F41-B0C7-5D832E8833BA}.Release|x86.Deploy.0 = Release|iPhone
		{AD950F14-620A-4452-8F84-D716672F3AF9}.Debug|Any CPU.ActiveCfg = Debug|Any CPU
		{AD950F14-620A-4452-8F84-D716672F3AF9}.Debug|Any CPU.Build.0 = Debug|Any CPU
		{AD950F14-620A-4452-8F84-D716672F3AF9}.Debug|Any CPU.Deploy.0 = Debug|Any CPU
		{AD950F14-620A-4452-8F84-D716672F3AF9}.Debug|ARM.ActiveCfg = Debug|Any CPU
		{AD950F14-620A-4452-8F84-D716672F3AF9}.Debug|ARM.Build.0 = Debug|Any CPU
		{AD950F14-620A-4452-8F84-D716672F3AF9}.Debug|ARM.Deploy.0 = Debug|Any CPU
		{AD950F14-620A-4452-8F84-D716672F3AF9}.Debug|iPhone.ActiveCfg = Debug|Any CPU
		{AD950F14-620A-4452-8F84-D716672F3AF9}.Debug|iPhone.Build.0 = Debug|Any CPU
		{AD950F14-620A-4452-8F84-D716672F3AF9}.Debug|iPhone.Deploy.0 = Debug|Any CPU
		{AD950F14-620A-4452-8F84-D716672F3AF9}.Debug|iPhoneSimulator.ActiveCfg = Debug|Any CPU
		{AD950F14-620A-4452-8F84-D716672F3AF9}.Debug|iPhoneSimulator.Build.0 = Debug|Any CPU
		{AD950F14-620A-4452-8F84-D716672F3AF9}.Debug|iPhoneSimulator.Deploy.0 = Debug|Any CPU
		{AD950F14-620A-4452-8F84-D716672F3AF9}.Debug|x64.ActiveCfg = Debug|Any CPU
		{AD950F14-620A-4452-8F84-D716672F3AF9}.Debug|x64.Build.0 = Debug|Any CPU
		{AD950F14-620A-4452-8F84-D716672F3AF9}.Debug|x64.Deploy.0 = Debug|Any CPU
		{AD950F14-620A-4452-8F84-D716672F3AF9}.Debug|x86.ActiveCfg = Debug|Any CPU
		{AD950F14-620A-4452-8F84-D716672F3AF9}.Debug|x86.Build.0 = Debug|Any CPU
		{AD950F14-620A-4452-8F84-D716672F3AF9}.Debug|x86.Deploy.0 = Debug|Any CPU
		{AD950F14-620A-4452-8F84-D716672F3AF9}.Release|Any CPU.ActiveCfg = Release|Any CPU
		{AD950F14-620A-4452-8F84-D716672F3AF9}.Release|Any CPU.Build.0 = Release|Any CPU
		{AD950F14-620A-4452-8F84-D716672F3AF9}.Release|Any CPU.Deploy.0 = Release|Any CPU
		{AD950F14-620A-4452-8F84-D716672F3AF9}.Release|ARM.ActiveCfg = Release|Any CPU
		{AD950F14-620A-4452-8F84-D716672F3AF9}.Release|ARM.Build.0 = Release|Any CPU
		{AD950F14-620A-4452-8F84-D716672F3AF9}.Release|ARM.Deploy.0 = Release|Any CPU
		{AD950F14-620A-4452-8F84-D716672F3AF9}.Release|iPhone.ActiveCfg = Release|Any CPU
		{AD950F14-620A-4452-8F84-D716672F3AF9}.Release|iPhone.Build.0 = Release|Any CPU
		{AD950F14-620A-4452-8F84-D716672F3AF9}.Release|iPhone.Deploy.0 = Release|Any CPU
		{AD950F14-620A-4452-8F84-D716672F3AF9}.Release|iPhoneSimulator.ActiveCfg = Release|Any CPU
		{AD950F14-620A-4452-8F84-D716672F3AF9}.Release|iPhoneSimulator.Build.0 = Release|Any CPU
		{AD950F14-620A-4452-8F84-D716672F3AF9}.Release|iPhoneSimulator.Deploy.0 = Release|Any CPU
		{AD950F14-620A-4452-8F84-D716672F3AF9}.Release|x64.ActiveCfg = Release|Any CPU
		{AD950F14-620A-4452-8F84-D716672F3AF9}.Release|x64.Build.0 = Release|Any CPU
		{AD950F14-620A-4452-8F84-D716672F3AF9}.Release|x64.Deploy.0 = Release|Any CPU
		{AD950F14-620A-4452-8F84-D716672F3AF9}.Release|x86.ActiveCfg = Release|Any CPU
		{AD950F14-620A-4452-8F84-D716672F3AF9}.Release|x86.Build.0 = Release|Any CPU
		{AD950F14-620A-4452-8F84-D716672F3AF9}.Release|x86.Deploy.0 = Release|Any CPU
	EndGlobalSection
	GlobalSection(SolutionProperties) = preSolution
		HideSolutionNode = FALSE
	EndGlobalSection
	GlobalSection(ExtensibilityGlobals) = postSolution
		SolutionGuid = {1A589C45-99C9-4043-BED4-0D6878F6D564}
	EndGlobalSection
EndGlobal
